# This file is automatically @generated by Cargo.
# It is not intended for manual editing.
version = 3

[[package]]
name = "adler32"
version = "1.2.0"
source = "registry+https://github.com/rust-lang/crates.io-index"
checksum = "aae1277d39aeec15cb388266ecc24b11c80469deae6067e17a1a7aa9e5c1f234"

[[package]]
name = "ahash"
version = "0.4.7"
source = "registry+https://github.com/rust-lang/crates.io-index"
checksum = "739f4a8db6605981345c5654f3a85b056ce52f37a39d34da03f25bf2151ea16e"

[[package]]
name = "array-macro"
version = "1.0.4"
source = "registry+https://github.com/rust-lang/crates.io-index"
checksum = "7d034edd76d4e7adc314c95400941dedc89bd4337d565bf87f6b69d3b20dc4de"

[[package]]
name = "audir-sles"
version = "0.1.0"
source = "registry+https://github.com/rust-lang/crates.io-index"
checksum = "ea47348666a8edb7ad80cbee3940eb2bccf70df0e6ce09009abe1a836cb779f5"

[[package]]
name = "audrey"
version = "0.3.0"
source = "registry+https://github.com/rust-lang/crates.io-index"
checksum = "58b92a84e89497e3cd25d3672cd5d1c288abaac02c18ff21283f17d118b889b8"
dependencies = [
 "dasp_frame",
 "dasp_sample",
 "hound",
 "lewton",
]

[[package]]
name = "autocfg"
version = "0.1.7"
source = "registry+https://github.com/rust-lang/crates.io-index"
checksum = "1d49d90015b3c36167a20fe2810c5cd875ad504b39cff3d4eae7977e6b7c1cb2"

[[package]]
name = "autocfg"
version = "1.1.0"
source = "registry+https://github.com/rust-lang/crates.io-index"
checksum = "d468802bab17cbc0cc575e9b053f41e72aa36bfa6b7f55e3529ffa43161b97fa"

[[package]]
name = "base-x"
version = "0.2.6"
source = "registry+https://github.com/rust-lang/crates.io-index"
checksum = "1b20b618342cf9891c292c4f5ac2cde7287cc5c87e87e9c769d617793607dec1"

[[package]]
name = "bincode"
version = "1.2.1"
source = "registry+https://github.com/rust-lang/crates.io-index"
checksum = "5753e2a71534719bf3f4e57006c3a4f0d2c672a4b676eec84161f763eca87dbf"
dependencies = [
 "byteorder",
 "serde",
]

[[package]]
name = "bitflags"
version = "1.2.1"
source = "registry+https://github.com/rust-lang/crates.io-index"
checksum = "cf1de2fe8c75bc145a2f577add951f8134889b4795d47466a54a5c846d691693"

[[package]]
name = "bumpalo"
version = "2.6.0"
source = "registry+https://github.com/rust-lang/crates.io-index"
checksum = "ad807f2fc2bf185eeb98ff3a901bd46dc5ad58163d0fa4577ba0d25674d71708"

[[package]]
name = "bumpalo"
version = "3.12.0"
source = "registry+https://github.com/rust-lang/crates.io-index"
checksum = "0d261e256854913907f67ed06efbc3338dfe6179796deefc1ff763fc1aee5535"

[[package]]
name = "bytemuck"
version = "1.13.0"
source = "registry+https://github.com/rust-lang/crates.io-index"
checksum = "c041d3eab048880cb0b86b256447da3f18859a163c3b8d8893f4e6368abe6393"

[[package]]
name = "byteorder"
version = "1.3.2"
source = "registry+https://github.com/rust-lang/crates.io-index"
checksum = "a7c3dd8985a7111efc5c80b44e23ecdd8c007de8ade3b96595387e812b957cf5"

[[package]]
name = "c2-chacha"
version = "0.2.3"
source = "registry+https://github.com/rust-lang/crates.io-index"
checksum = "214238caa1bf3a496ec3392968969cab8549f96ff30652c9e56885329315f6bb"
dependencies = [
 "ppv-lite86",
]

[[package]]
name = "cfg-if"
version = "0.1.10"
source = "registry+https://github.com/rust-lang/crates.io-index"
checksum = "4785bdd1c96b2a846b2bd7cc02e86b6b3dbf14e7e53446c4f54c92a361040822"

[[package]]
name = "cfg-if"
version = "1.0.0"
source = "registry+https://github.com/rust-lang/crates.io-index"
checksum = "baf1de4339761588bc0619e3cbc0120ee582ebb74b53b4efbf79117bd2da40fd"

[[package]]
name = "color_quant"
version = "1.1.0"
source = "registry+https://github.com/rust-lang/crates.io-index"
checksum = "3d7b894f5411737b7867f4827955924d7c254fc9f4d91a6aad6b097804b1018b"

[[package]]
name = "crc32fast"
version = "1.3.2"
source = "registry+https://github.com/rust-lang/crates.io-index"
checksum = "b540bd8bc810d3885c6ea91e2018302f68baba2129ab3e88f32389ee9370880d"
dependencies = [
 "cfg-if 1.0.0",
]

[[package]]
name = "dasp_frame"
version = "0.11.0"
source = "registry+https://github.com/rust-lang/crates.io-index"
checksum = "b2a3937f5fe2135702897535c8d4a5553f8b116f76c1529088797f2eee7c5cd6"
dependencies = [
 "dasp_sample",
]

[[package]]
name = "dasp_sample"
version = "0.11.0"
source = "registry+https://github.com/rust-lang/crates.io-index"
checksum = "0c87e182de0887fd5361989c677c4e8f5000cd9491d6d563161a8f3a5519fc7f"

[[package]]
name = "deflate"
version = "0.8.6"
source = "registry+https://github.com/rust-lang/crates.io-index"
checksum = "73770f8e1fe7d64df17ca66ad28994a0a623ea497fa69486e14984e715c5d174"
dependencies = [
 "adler32",
 "byteorder",
]

[[package]]
name = "discard"
version = "1.0.4"
source = "registry+https://github.com/rust-lang/crates.io-index"
checksum = "212d0f5754cb6769937f4501cc0e67f4f4483c8d2c3e1e922ee9edbe4ab4c7c0"

[[package]]
name = "enum-map"
version = "0.6.2"
source = "registry+https://github.com/rust-lang/crates.io-index"
checksum = "70a375f899a53b9848ad9fb459b5bf90e4851ae5d9fea89134b062dc1828b26e"
dependencies = [
 "array-macro",
 "enum-map-derive",
]

[[package]]
name = "enum-map-derive"
version = "0.4.3"
source = "registry+https://github.com/rust-lang/crates.io-index"
checksum = "e57001dfb2532f5a103ff869656887fae9a8defa7d236f3e39d2ee86ed629ad7"
dependencies = [
 "proc-macro2",
 "quote 1.0.2",
 "syn 1.0.8",
]

[[package]]
name = "enum_dispatch"
version = "0.2.0"
source = "registry+https://github.com/rust-lang/crates.io-index"
checksum = "d187ded8d68dfce7d5fe26be489494e1d43edf15896d1df094790d77caf07b27"
dependencies = [
 "once_cell",
 "proc-macro2",
 "quote 1.0.2",
 "syn 1.0.8",
]

[[package]]
name = "fontdue"
version = "0.5.2"
source = "registry+https://github.com/rust-lang/crates.io-index"
checksum = "c75712fff1702bac51b7eaa5a5ca9f9853b8055ef5906088a32f4fe196595a1d"
dependencies = [
 "hashbrown",
 "ttf-parser",
]

[[package]]
name = "getrandom"
version = "0.1.13"
source = "registry+https://github.com/rust-lang/crates.io-index"
checksum = "e7db7ca94ed4cd01190ceee0d8a8052f08a247aa1b469a7f68c6a3b71afcf407"
dependencies = [
 "cfg-if 0.1.10",
 "libc",
 "wasi",
]

[[package]]
name = "glam"
version = "0.14.0"
source = "registry+https://github.com/rust-lang/crates.io-index"
checksum = "333928d5eb103c5d4050533cec0384302db6be8ef7d3cebd30ec6a35350353da"

[[package]]
name = "hashbrown"
version = "0.9.1"
source = "registry+https://github.com/rust-lang/crates.io-index"
checksum = "d7afe4a420e3fe79967a00898cc1f4db7c8a49a9333a29f8a4bd76a253d5cd04"
dependencies = [
 "ahash",
]

[[package]]
name = "heck"
version = "0.3.1"
source = "registry+https://github.com/rust-lang/crates.io-index"
checksum = "20564e78d53d2bb135c343b3f47714a56af2061f1c928fdb541dc7b9fdd94205"
dependencies = [
 "unicode-segmentation",
]

[[package]]
name = "hound"
version = "3.5.0"
source = "registry+https://github.com/rust-lang/crates.io-index"
checksum = "4d13cdbd5dbb29f9c88095bbdc2590c9cba0d0a1269b983fef6b2cdd7e9f4db1"

[[package]]
name = "image"
version = "0.23.14"
source = "registry+https://github.com/rust-lang/crates.io-index"
checksum = "24ffcb7e7244a9bf19d35bf2883b9c080c4ced3c07a9895572178cdb8f13f6a1"
dependencies = [
 "bytemuck",
 "byteorder",
 "color_quant",
 "num-iter",
 "num-rational",
 "num-traits",
 "png",
]

[[package]]
name = "itoa"
version = "0.4.4"
source = "registry+https://github.com/rust-lang/crates.io-index"
checksum = "501266b7edd0174f8530248f87f99c88fbe60ca4ef3dd486835b8d8d53136f7f"

[[package]]
name = "lazy_static"
version = "1.4.0"
source = "registry+https://github.com/rust-lang/crates.io-index"
checksum = "e2abad23fbc42b3700f2f279844dc832adb2b2eb069b2df918f455c4e18cc646"

[[package]]
name = "lewton"
version = "0.9.4"
source = "registry+https://github.com/rust-lang/crates.io-index"
checksum = "8d542c1a317036c45c2aa1cf10cc9d403ca91eb2d333ef1a4917e5cb10628bd0"
dependencies = [
 "byteorder",
 "ogg",
 "smallvec",
]

[[package]]
name = "libc"
version = "0.2.65"
source = "registry+https://github.com/rust-lang/crates.io-index"
checksum = "1a31a0627fdf1f6a39ec0dd577e101440b7db22672c0901fe00a9a6fbb5c24e8"

[[package]]
name = "libplen"
version = "0.1.0"
dependencies = [
 "bincode",
 "enum-map",
 "enum_dispatch",
 "rand",
 "rand_derive",
 "serde",
 "serde_derive",
 "strum",
 "strum_macros",
]

[[package]]
name = "log"
version = "0.4.8"
source = "registry+https://github.com/rust-lang/crates.io-index"
checksum = "14b6052be84e6b71ab17edffc2eeabf5c2c3ae1fdb464aae35ac50c67a44e1f7"
dependencies = [
 "cfg-if 0.1.10",
]

[[package]]
name = "macroquad"
version = "0.3.23"
source = "registry+https://github.com/rust-lang/crates.io-index"
checksum = "0af486d7c9bdd05d158ebbef435500be09997fb427d7ad1fddc90cf3e66d0a1a"
dependencies = [
 "bumpalo 3.12.0",
 "fontdue",
 "glam",
 "image",
 "macroquad_macro",
 "miniquad",
 "quad-rand",
 "quad-snd",
]

[[package]]
name = "macroquad_macro"
version = "0.1.7"
source = "registry+https://github.com/rust-lang/crates.io-index"
checksum = "f5cecfede1e530599c8686f7f2d609489101d3d63741a6dc423afc997ce3fcc8"

[[package]]
name = "malloc_buf"
version = "0.0.6"
source = "registry+https://github.com/rust-lang/crates.io-index"
checksum = "62bb907fe88d54d8d9ce32a3cceab4218ed2f6b7d35617cafe9adf84e43919cb"
dependencies = [
 "libc",
]

[[package]]
name = "maybe-uninit"
version = "2.0.0"
source = "registry+https://github.com/rust-lang/crates.io-index"
checksum = "60302e4db3a61da70c0cb7991976248362f30319e88850c487b9b95bbf059e00"

[[package]]
name = "miniquad"
version = "0.3.11"
source = "registry+https://github.com/rust-lang/crates.io-index"
checksum = "e01c469043954b236f84621946c5567ce3df52bbaa075dd853b07bc19766f610"
dependencies = [
 "libc",
 "ndk-sys",
 "objc",
 "winapi",
]

[[package]]
name = "miniz_oxide"
version = "0.3.7"
source = "registry+https://github.com/rust-lang/crates.io-index"
checksum = "791daaae1ed6889560f8c4359194f56648355540573244a5448a83ba1ecc7435"
dependencies = [
 "adler32",
]

[[package]]
name = "ndk-sys"
version = "0.2.2"
source = "registry+https://github.com/rust-lang/crates.io-index"
checksum = "e1bcdd74c20ad5d95aacd60ef9ba40fdf77f767051040541df557b7a9b2a2121"

[[package]]
name = "num-integer"
version = "0.1.45"
source = "registry+https://github.com/rust-lang/crates.io-index"
checksum = "225d3389fb3509a24c93f5c29eb6bde2586b98d9f016636dff58d7c6f7569cd9"
dependencies = [
 "autocfg 1.1.0",
 "num-traits",
]

[[package]]
name = "num-iter"
version = "0.1.39"
source = "registry+https://github.com/rust-lang/crates.io-index"
checksum = "76bd5272412d173d6bf9afdf98db8612bbabc9a7a830b7bfc9c188911716132e"
dependencies = [
 "autocfg 0.1.7",
 "num-integer",
 "num-traits",
]

[[package]]
name = "num-rational"
version = "0.3.2"
source = "registry+https://github.com/rust-lang/crates.io-index"
checksum = "12ac428b1cb17fce6f731001d307d351ec70a6d202fc2e60f7d4c5e42d8f4f07"
dependencies = [
 "autocfg 1.1.0",
 "num-integer",
 "num-traits",
]

[[package]]
name = "num-traits"
version = "0.2.15"
source = "registry+https://github.com/rust-lang/crates.io-index"
checksum = "578ede34cf02f8924ab9447f50c28075b4d3e5b269972345e7e0372b38c6cdcd"
dependencies = [
 "autocfg 1.1.0",
]

[[package]]
name = "objc"
version = "0.2.7"
source = "registry+https://github.com/rust-lang/crates.io-index"
checksum = "915b1b472bc21c53464d6c8461c9d3af805ba1ef837e1cac254428f4a77177b1"
dependencies = [
 "malloc_buf",
]

[[package]]
name = "ogg"
version = "0.7.1"
source = "registry+https://github.com/rust-lang/crates.io-index"
checksum = "13e571c3517af9e1729d4c63571a27edd660ade0667973bfc74a67c660c2b651"
dependencies = [
 "byteorder",
]

[[package]]
name = "once_cell"
version = "1.2.0"
source = "registry+https://github.com/rust-lang/crates.io-index"
checksum = "891f486f630e5c5a4916c7e16c4b24a53e78c860b646e9f8e005e4f16847bfed"

[[package]]
name = "plen"
version = "0.1.0"
dependencies = [
 "bincode",
 "enum-map",
 "libplen",
 "macroquad",
 "rand",
 "rand_derive",
 "unicode-truncate",
 "whoami",
]

[[package]]
name = "png"
version = "0.16.8"
source = "registry+https://github.com/rust-lang/crates.io-index"
checksum = "3c3287920cb847dee3de33d301c463fba14dda99db24214ddf93f83d3021f4c6"
dependencies = [
 "bitflags",
 "crc32fast",
 "deflate",
 "miniz_oxide",
]

[[package]]
name = "ppv-lite86"
version = "0.2.6"
source = "registry+https://github.com/rust-lang/crates.io-index"
checksum = "74490b50b9fbe561ac330df47c08f3f33073d2d00c150f719147d7c54522fa1b"

[[package]]
name = "proc-macro2"
version = "1.0.6"
source = "registry+https://github.com/rust-lang/crates.io-index"
checksum = "9c9e470a8dc4aeae2dee2f335e8f533e2d4b347e1434e5671afc49b054592f27"
dependencies = [
 "unicode-xid 0.2.0",
]

[[package]]
name = "quad-alsa-sys"
version = "0.3.2"
source = "registry+https://github.com/rust-lang/crates.io-index"
checksum = "c66c2f04a6946293477973d85adc251d502da51c57b08cd9c997f0cfd8dcd4b5"
dependencies = [
 "libc",
]

[[package]]
name = "quad-rand"
version = "0.2.1"
source = "registry+https://github.com/rust-lang/crates.io-index"
checksum = "658fa1faf7a4cc5f057c9ee5ef560f717ad9d8dc66d975267f709624d6e1ab88"

[[package]]
name = "quad-snd"
version = "0.2.7"
source = "registry+https://github.com/rust-lang/crates.io-index"
checksum = "53c954bb70493a2872775b74b663a767686e6d96d242e789d6a92cc4ebd2a64e"
dependencies = [
 "audir-sles",
 "audrey",
 "libc",
 "quad-alsa-sys",
 "winapi",
]

[[package]]
name = "quote"
version = "0.3.15"
source = "registry+https://github.com/rust-lang/crates.io-index"
checksum = "7a6e920b65c65f10b2ae65c831a81a073a89edd28c7cce89475bff467ab4167a"

[[package]]
name = "quote"
version = "1.0.2"
source = "registry+https://github.com/rust-lang/crates.io-index"
checksum = "053a8c8bcc71fcce321828dc897a98ab9760bef03a4fc36693c231e5b3216cfe"
dependencies = [
 "proc-macro2",
]

[[package]]
name = "rand"
version = "0.7.2"
source = "registry+https://github.com/rust-lang/crates.io-index"
checksum = "3ae1b169243eaf61759b8475a998f0a385e42042370f3a7dbaf35246eacc8412"
dependencies = [
 "getrandom",
 "libc",
 "rand_chacha",
 "rand_core",
 "rand_hc",
]

[[package]]
name = "rand_chacha"
version = "0.2.1"
source = "registry+https://github.com/rust-lang/crates.io-index"
checksum = "03a2a90da8c7523f554344f921aa97283eadf6ac484a6d2a7d0212fa7f8d6853"
dependencies = [
 "c2-chacha",
 "rand_core",
]

[[package]]
name = "rand_core"
version = "0.5.1"
source = "registry+https://github.com/rust-lang/crates.io-index"
checksum = "90bde5296fc891b0cef12a6d03ddccc162ce7b2aff54160af9338f8d40df6d19"
dependencies = [
 "getrandom",
]

[[package]]
name = "rand_derive"
version = "0.5.0"
source = "registry+https://github.com/rust-lang/crates.io-index"
checksum = "12f00303d5bccc2d79947dd033b160a7e661b1df3d3165d2eea03a79ebd4e1af"
dependencies = [
 "quote 0.3.15",
 "syn 0.11.11",
]

[[package]]
name = "rand_hc"
version = "0.2.0"
source = "registry+https://github.com/rust-lang/crates.io-index"
checksum = "ca3129af7b92a17112d59ad498c6f81eaf463253766b90396d39ea7a39d6613c"
dependencies = [
 "rand_core",
]

[[package]]
name = "rustc_version"
version = "0.2.3"
source = "registry+https://github.com/rust-lang/crates.io-index"
checksum = "138e3e0acb6c9fb258b19b67cb8abd63c00679d2851805ea151465464fe9030a"
dependencies = [
 "semver",
]

[[package]]
name = "ryu"
version = "1.0.2"
source = "registry+https://github.com/rust-lang/crates.io-index"
checksum = "bfa8506c1de11c9c4e4c38863ccbe02a305c8188e85a05a784c9e11e1c3910c8"

[[package]]
name = "semver"
version = "0.9.0"
source = "registry+https://github.com/rust-lang/crates.io-index"
checksum = "1d7eb9ef2c18661902cc47e535f9bc51b78acd254da71d375c2f6720d9a40403"
dependencies = [
 "semver-parser",
]

[[package]]
name = "semver-parser"
version = "0.7.0"
source = "registry+https://github.com/rust-lang/crates.io-index"
checksum = "388a1df253eca08550bef6c72392cfe7c30914bf41df5269b68cbd6ff8f570a3"

[[package]]
name = "serde"
version = "1.0.102"
source = "registry+https://github.com/rust-lang/crates.io-index"
checksum = "0c4b39bd9b0b087684013a792c59e3e07a46a01d2322518d8a1104641a0b1be0"

[[package]]
name = "serde_derive"
version = "1.0.102"
source = "registry+https://github.com/rust-lang/crates.io-index"
checksum = "ca13fc1a832f793322228923fbb3aba9f3f44444898f835d31ad1b74fa0a2bf8"
dependencies = [
 "proc-macro2",
 "quote 1.0.2",
 "syn 1.0.8",
]

[[package]]
name = "serde_json"
version = "1.0.41"
source = "registry+https://github.com/rust-lang/crates.io-index"
checksum = "2f72eb2a68a7dc3f9a691bfda9305a1c017a6215e5a4545c258500d2099a37c2"
dependencies = [
 "itoa",
 "ryu",
 "serde",
]

[[package]]
name = "sha1"
version = "0.6.0"
source = "registry+https://github.com/rust-lang/crates.io-index"
checksum = "2579985fda508104f7587689507983eadd6a6e84dd35d6d115361f530916fa0d"

[[package]]
name = "smallvec"
version = "0.6.14"
source = "registry+https://github.com/rust-lang/crates.io-index"
checksum = "b97fcaeba89edba30f044a10c6a3cc39df9c3f17d7cd829dd1446cab35f890e0"
dependencies = [
 "maybe-uninit",
]

[[package]]
name = "stdweb"
version = "0.4.20"
source = "registry+https://github.com/rust-lang/crates.io-index"
checksum = "d022496b16281348b52d0e30ae99e01a73d737b2f45d38fed4edf79f9325a1d5"
dependencies = [
 "discard",
 "rustc_version",
 "serde",
 "serde_json",
 "stdweb-derive",
 "stdweb-internal-macros",
 "stdweb-internal-runtime",
 "wasm-bindgen",
]

[[package]]
name = "stdweb-derive"
version = "0.5.3"
source = "registry+https://github.com/rust-lang/crates.io-index"
checksum = "c87a60a40fccc84bef0652345bbbbbe20a605bf5d0ce81719fc476f5c03b50ef"
dependencies = [
 "proc-macro2",
 "quote 1.0.2",
 "serde",
 "serde_derive",
 "syn 1.0.8",
]

[[package]]
name = "stdweb-internal-macros"
version = "0.2.9"
source = "registry+https://github.com/rust-lang/crates.io-index"
checksum = "58fa5ff6ad0d98d1ffa8cb115892b6e69d67799f6763e162a1c9db421dc22e11"
dependencies = [
 "base-x",
 "proc-macro2",
 "quote 1.0.2",
 "serde",
 "serde_derive",
 "serde_json",
 "sha1",
 "syn 1.0.8",
]

[[package]]
name = "stdweb-internal-runtime"
version = "0.1.5"
source = "registry+https://github.com/rust-lang/crates.io-index"
checksum = "213701ba3370744dcd1a12960caa4843b3d68b4d1c0a5d575e0d65b2ee9d16c0"

[[package]]
name = "strum"
version = "0.16.0"
source = "registry+https://github.com/rust-lang/crates.io-index"
checksum = "6138f8f88a16d90134763314e3fc76fa3ed6a7db4725d6acf9a3ef95a3188d22"

[[package]]
name = "strum_macros"
version = "0.16.0"
source = "registry+https://github.com/rust-lang/crates.io-index"
checksum = "0054a7df764039a6cd8592b9de84be4bec368ff081d203a7d5371cbfa8e65c81"
dependencies = [
 "heck",
 "proc-macro2",
 "quote 1.0.2",
 "syn 1.0.8",
]

[[package]]
name = "syn"
version = "0.11.11"
source = "registry+https://github.com/rust-lang/crates.io-index"
checksum = "d3b891b9015c88c576343b9b3e41c2c11a51c219ef067b264bd9c8aa9b441dad"
dependencies = [
 "quote 0.3.15",
 "synom",
 "unicode-xid 0.0.4",
]

[[package]]
name = "syn"
version = "1.0.8"
source = "registry+https://github.com/rust-lang/crates.io-index"
checksum = "661641ea2aa15845cddeb97dad000d22070bb5c1fb456b96c1cba883ec691e92"
dependencies = [
 "proc-macro2",
 "quote 1.0.2",
 "unicode-xid 0.2.0",
]

[[package]]
name = "synom"
version = "0.11.3"
source = "registry+https://github.com/rust-lang/crates.io-index"
checksum = "a393066ed9010ebaed60b9eafa373d4b1baac186dd7e008555b0f702b51945b6"
dependencies = [
 "unicode-xid 0.0.4",
]

[[package]]
name = "ttf-parser"
version = "0.12.3"
source = "registry+https://github.com/rust-lang/crates.io-index"
checksum = "7ae2f58a822f08abdaf668897e96a5656fe72f5a9ce66422423e8849384872e6"

[[package]]
name = "unicode-segmentation"
version = "1.6.0"
source = "registry+https://github.com/rust-lang/crates.io-index"
checksum = "e83e153d1053cbb5a118eeff7fd5be06ed99153f00dbcd8ae310c5fb2b22edc0"

[[package]]
name = "unicode-truncate"
version = "0.1.1"
source = "registry+https://github.com/rust-lang/crates.io-index"
checksum = "1ac822301b0f9f2c2e60509da419b2401a5dc480c784e951ac6bebeee16a7beb"
dependencies = [
 "unicode-width",
]

[[package]]
name = "unicode-width"
version = "0.1.7"
source = "registry+https://github.com/rust-lang/crates.io-index"
checksum = "caaa9d531767d1ff2150b9332433f32a24622147e5ebb1f26409d5da67afd479"

[[package]]
name = "unicode-xid"
version = "0.0.4"
source = "registry+https://github.com/rust-lang/crates.io-index"
checksum = "8c1f860d7d29cf02cb2f3f359fd35991af3d30bac52c57d265a3c461074cb4dc"

[[package]]
name = "unicode-xid"
version = "0.2.0"
source = "registry+https://github.com/rust-lang/crates.io-index"
checksum = "826e7639553986605ec5979c7dd957c7895e93eabed50ab2ffa7f6128a75097c"

[[package]]
name = "wasi"
version = "0.7.0"
source = "registry+https://github.com/rust-lang/crates.io-index"
checksum = "b89c3ce4ce14bdc6fb6beaf9ec7928ca331de5df7e5ea278375642a2f478570d"

[[package]]
name = "wasm-bindgen"
version = "0.2.55"
source = "registry+https://github.com/rust-lang/crates.io-index"
checksum = "29ae32af33bacd663a9a28241abecf01f2be64e6a185c6139b04f18b6385c5f2"
dependencies = [
 "cfg-if 0.1.10",
 "wasm-bindgen-macro",
]

[[package]]
name = "wasm-bindgen-backend"
version = "0.2.55"
source = "registry+https://github.com/rust-lang/crates.io-index"
checksum = "1845584bd3593442dc0de6e6d9f84454a59a057722f36f005e44665d6ab19d85"
dependencies = [
 "bumpalo 2.6.0",
 "lazy_static",
 "log",
 "proc-macro2",
 "quote 1.0.2",
 "syn 1.0.8",
 "wasm-bindgen-shared",
]

[[package]]
name = "wasm-bindgen-macro"
version = "0.2.55"
source = "registry+https://github.com/rust-lang/crates.io-index"
checksum = "87fcc747e6b73c93d22c947a6334644d22cfec5abd8b66238484dc2b0aeb9fe4"
dependencies = [
 "quote 1.0.2",
 "wasm-bindgen-macro-support",
]

[[package]]
name = "wasm-bindgen-macro-support"
version = "0.2.55"
source = "registry+https://github.com/rust-lang/crates.io-index"
checksum = "3dc4b3f2c4078c8c4a5f363b92fcf62604c5913cbd16c6ff5aaf0f74ec03f570"
dependencies = [
 "proc-macro2",
 "quote 1.0.2",
 "syn 1.0.8",
 "wasm-bindgen-backend",
 "wasm-bindgen-shared",
]

[[package]]
name = "wasm-bindgen-shared"
version = "0.2.55"
source = "registry+https://github.com/rust-lang/crates.io-index"
checksum = "ca0b78d6d3be8589b95d1d49cdc0794728ca734adf36d7c9f07e6459508bb53d"

[[package]]
name = "whoami"
version = "0.6.0"
source = "registry+https://github.com/rust-lang/crates.io-index"
checksum = "c47b0df2e31b0f1a0e4fda3adf4f6f36bbb8655cdd0b6313afbdd7a6f809fcab"
dependencies = [
 "stdweb",
]

[[package]]
name = "winapi"
version = "0.3.8"
source = "registry+https://github.com/rust-lang/crates.io-index"
checksum = "8093091eeb260906a183e6ae1abdba2ef5ef2257a21801128899c3fc699229c6"
dependencies = [
 "winapi-i686-pc-windows-gnu",
 "winapi-x86_64-pc-windows-gnu",
]

[[package]]
name = "winapi-i686-pc-windows-gnu"
version = "0.4.0"
source = "registry+https://github.com/rust-lang/crates.io-index"
checksum = "ac3b87c63620426dd9b991e5ce0329eff545bccbbb34f3be09ff6fb6ab51b7b6"

[[package]]
name = "winapi-x86_64-pc-windows-gnu"
version = "0.4.0"
source = "registry+https://github.com/rust-lang/crates.io-index"
checksum = "712e227841d057c1ee1cd2fb22fa7e5a5461ae8e48fa2ca79ec42cfc1931183f"
